
Microsoft Visual Studio Solution File, Format Version 12.00
# Visual Studio Version 17
VisualStudioVersion = 17.4.33122.133
MinimumVisualStudioVersion = 10.0.40219.1
Project("{FAE04EC0-301F-11D3-BF4B-00C04F79EFBC}") = "DmoPL", "DmoPL\DmoPL.csproj", "{4A8229F3-611E-49FA-A024-6BD56DE38E0D}"
EndProject
Project("{FAE04EC0-301F-11D3-BF4B-00C04F79EFBC}") = "DemoDAL", "DemoDAL\DemoDAL.csproj", "{C13C4694-FEA2-40E8-9BAB-7E50B8DBD183}"
EndProject
Project("{FAE04EC0-301F-11D3-BF4B-00C04F79EFBC}") = "DemoPLL", "DemoPLL\DemoPLL.csproj", "{48915792-4E0C-4B1C-BA65-F3F161CF820C}"
EndProject
Global
	GlobalSection(SolutionConfigurationPlatforms) = preSolution
		Debug|Any CPU = Debug|Any CPU
		Release|Any CPU = Release|Any CPU
	EndGlobalSection
	GlobalSection(ProjectConfigurationPlatforms) = postSolution
		{4A8229F3-611E-49FA-A024-6BD56DE38E0D}.Debug|Any CPU.ActiveCfg = Debug|Any CPU
		{4A8229F3-611E-49FA-A024-6BD56DE38E0D}.Debug|Any CPU.Build.0 = Debug|Any CPU
		{4A8229F3-611E-49FA-A024-6BD56DE38E0D}.Release|Any CPU.ActiveCfg = Release|Any CPU
		{4A8229F3-611E-49FA-A024-6BD56DE38E0D}.Release|Any CPU.Build.0 = Release|Any CPU
		{C13C4694-FEA2-40E8-9BAB-7E50B8DBD183}.Debug|Any CPU.ActiveCfg = Debug|Any CPU
		{C13C4694-FEA2-40E8-9BAB-7E50B8DBD183}.Debug|Any CPU.Build.0 = Debug|Any CPU
		{C13C4694-FEA2-40E8-9BAB-7E50B8DBD183}.Release|Any CPU.ActiveCfg = Release|Any CPU
		{C13C4694-FEA2-40E8-9BAB-7E50B8DBD183}.Release|Any CPU.Build.0 = Release|Any CPU
		{48915792-4E0C-4B1C-BA65-F3F161CF820C}.Debug|Any CPU.ActiveCfg = Debug|Any CPU
		{48915792-4E0C-4B1C-BA65-F3F161CF820C}.Debug|Any CPU.Build.0 = Debug|Any CPU
		{48915792-4E0C-4B1C-BA65-F3F161CF820C}.Release|Any CPU.ActiveCfg = Release|Any CPU
		{48915792-4E0C-4B1C-BA65-F3F161CF820C}.Release|Any CPU.Build.0 = Release|Any CPU
	EndGlobalSection
	GlobalSection(SolutionProperties) = preSolution
		HideSolutionNode = FALSE
	EndGlobalSection
	GlobalSection(ExtensibilityGlobals) = postSolution
		SolutionGuid = {5CBEC013-89BF-4044-861C-F829B6084C40}
	EndGlobalSection
EndGlobal
